// !$*UTF8*$!
{
	archiveVersion = 1;
	classes = {
	};
	objectVersion = 48;
	objects = {

/* Begin PBXBuildFile section */
		9C5993EF1FFB16C900D2DA6C /* AppDelegate.m in Sources */ = {isa = PBXBuildFile; fileRef = 9C5993EE1FFB16C900D2DA6C /* AppDelegate.m */; };
		9C5993F21FFB16C900D2DA6C /* ViewController.m in Sources */ = {isa = PBXBuildFile; fileRef = 9C5993F11FFB16C900D2DA6C /* ViewController.m */; };
		9C5993F51FFB16C900D2DA6C /* Main.storyboard in Resources */ = {isa = PBXBuildFile; fileRef = 9C5993F31FFB16C900D2DA6C /* Main.storyboard */; };
		9C5993F71FFB16C900D2DA6C /* Assets.xcassets in Resources */ = {isa = PBXBuildFile; fileRef = 9C5993F61FFB16C900D2DA6C /* Assets.xcassets */; };
		9C5993FA1FFB16C900D2DA6C /* LaunchScreen.storyboard in Resources */ = {isa = PBXBuildFile; fileRef = 9C5993F81FFB16C900D2DA6C /* LaunchScreen.storyboard */; };
		9C5993FD1FFB16C900D2DA6C /* main.m in Sources */ = {isa = PBXBuildFile; fileRef = 9C5993FC1FFB16C900D2DA6C /* main.m */; };
		9C5994051FFB16DF00D2DA6C /* Person.m in Sources */ = {isa = PBXBuildFile; fileRef = 9C5994041FFB16DF00D2DA6C /* Person.m */; };
/* End PBXBuildFile section */

/* Begin PBXFileReference section */
		9C5993EA1FFB16C900D2DA6C /* Item24.app */ = {isa = PBXFileReference; explicitFileType = wrapper.application; includeInIndex = 0; path = Item24.app; sourceTree = BUILT_PRODUCTS_DIR; };
		9C5993ED1FFB16C900D2DA6C /* AppDelegate.h */ = {isa = PBXFileReference; lastKnownFileType = sourcecode.c.h; path = AppDelegate.h; sourceTree = "<group>"; };
		9C5993EE1FFB16C900D2DA6C /* AppDelegate.m */ = {isa = PBXFileReference; lastKnownFileType = sourcecode.c.objc; path = AppDelegate.m; sourceTree = "<group>"; };
		9C5993F01FFB16C900D2DA6C /* ViewController.h */ = {isa = PBXFileReference; lastKnownFileType = sourcecode.c.h; path = ViewController.h; sourceTree = "<group>"; };
		9C5993F11FFB16C900D2DA6C /* ViewController.m */ = {isa = PBXFileReference; lastKnownFileType = sourcecode.c.objc; path = ViewController.m; sourceTree = "<group>"; };
		9C5993F41FFB16C900D2DA6C /* Base */ = {isa = PBXFileReference; lastKnownFileType = file.storyboard; name = Base; path = Base.lproj/Main.storyboard; sourceTree = "<group>"; };
		9C5993F61FFB16C900D2DA6C /* Assets.xcassets */ = {isa = PBXFileReference; lastKnownFileType = folder.assetcatalog; path = Assets.xcassets; sourceTree = "<group>"; };
		9C5993F91FFB16C900D2DA6C /* Base */ = {isa = PBXFileReference; lastKnownFileType = file.storyboard; name = Base; path = Base.lproj/LaunchScreen.storyboard; sourceTree = "<group>"; };
		9C5993FB1FFB16C900D2DA6C /* Info.plist */ = {isa = PBXFileReference; lastKnownFileType = text.plist.xml; path = Info.plist; sourceTree = "<group>"; };
		9C5993FC1FFB16C900D2DA6C /* main.m */ = {isa = PBXFileReference; lastKnownFileType = sourcecode.c.objc; path = main.m; sourceTree = "<group>"; };
		9C5994031FFB16DF00D2DA6C /* Person.h */ = {isa = PBXFileReference; lastKnownFileType = sourcecode.c.h; path = Person.h; sourceTree = "<group>"; };
		9C5994041FFB16DF00D2DA6C /* Person.m */ = {isa = PBXFileReference; lastKnownFileType = sourcecode.c.objc; path = Person.m; sourceTree = "<group>"; };
/* End PBXFileReference section */

/* Begin PBXFrameworksBuildPhase section */
		9C5993E71FFB16C900D2DA6C /* Frameworks */ = {
			isa = PBXFrameworksBuildPhase;
			buildActionMask = 2147483647;
			files = (
			);
			runOnlyForDeploymentPostprocessing = 0;
		};
/* End PBXFrameworksBuildPhase section */

/* Begin PBXGroup section */
		9C5993E11FFB16C800D2DA6C = {
			isa = PBXGroup;
			children = (
				9C5993EC1FFB16C900D2DA6C /* Item24 */,
				9C5993EB1FFB16C900D2DA6C /* Products */,
			);
			sourceTree = "<group>";
		};
		9C5993EB1FFB16C900D2DA6C /* Products */ = {
			isa = PBXGroup;
			children = (
				9C5993EA1FFB16C900D2DA6C /* Item24.app */,
			);
			name = Products;
			sourceTree = "<group>";
		};
		9C5993EC1FFB16C900D2DA6C /* Item24 */ = {
			isa = PBXGroup;
			children = (
				9C5993ED1FFB16C900D2DA6C /* AppDelegate.h */,
				9C5993EE1FFB16C900D2DA6C /* AppDelegate.m */,
				9C5993F01FFB16C900D2DA6C /* ViewController.h */,
				9C5993F11FFB16C900D2DA6C /* ViewController.m */,
				9C5993F31FFB16C900D2DA6C /* Main.storyboard */,
				9C5993F61FFB16C900D2DA6C /* Assets.xcassets */,
				9C5993F81FFB16C900D2DA6C /* LaunchScreen.storyboard */,
				9C5993FB1FFB16C900D2DA6C /* Info.plist */,
				9C5993FC1FFB16C900D2DA6C /* main.m */,
				9C5994031FFB16DF00D2DA6C /* Person.h */,
				9C5994041FFB16DF00D2DA6C /* Person.m */,
			);
			path = Item24;
			sourceTree = "<group>";
		};
/* End PBXGroup section */

/* Begin PBXNativeTarget section */
		9C5993E91FFB16C900D2DA6C /* Item24 */ = {
			isa = PBXNativeTarget;
			buildConfigurationList = 9C5994001FFB16C900D2DA6C /* Build configuration list for PBXNativeTarget "Item24" */;
			buildPhases = (
				9C5993E61FFB16C900D2DA6C /* Sources */,
				9C5993E71FFB16C900D2DA6C /* Frameworks */,
				9C5993E81FFB16C900D2DA6C /* Resources */,
			);
			buildRules = (
			);
			dependencies = (
			);
			name = Item24;
			productName = Item24;
			productReference = 9C5993EA1FFB16C900D2DA6C /* Item24.app */;
			productType = "com.apple.product-type.application";
		};
/* End PBXNativeTarget section */

/* Begin PBXProject section */
		9C5993E21FFB16C800D2DA6C /* Project object */ = {
			isa = PBXProject;
			attributes = {
				LastUpgradeCheck = 0920;
				ORGANIZATIONNAME = damoness;
				TargetAttributes = {
					9C5993E91FFB16C900D2DA6C = {
						CreatedOnToolsVersion = 9.2;
						ProvisioningStyle = Automatic;
					};
				};
			};
			buildConfigurationList = 9C5993E51FFB16C800D2DA6C /* Build configuration list for PBXProject "Item24" */;
			compatibilityVersion = "Xcode 8.0";
			developmentRegion = en;
			hasScannedForEncodings = 0;
			knownRegions = (
				en,
				Base,
			);
			mainGroup = 9C5993E11FFB16C800D2DA6C;
			productRefGroup = 9C5993EB1FFB16C900D2DA6C /* Products */;
			projectDirPath = "";
			projectRoot = "";
			targets = (
				9C5993E91FFB16C900D2DA6C /* Item24 */,
			);
		};
/* End PBXProject section */

/* Begin PBXResourcesBuildPhase section */
		9C5993E81FFB16C900D2DA6C /* Resources */ = {
			isa = PBXResourcesBuildPhase;
			buildActionMask = 2147483647;
			files = (
				9C5993FA1FFB16C900D2DA6C /* LaunchScreen.storyboard in Resources */,
				9C5993F71FFB16C900D2DA6C /* Assets.xcassets in Resources */,
				9C5993F51FFB16C900D2DA6C /* Main.storyboard in Resources */,
			);
			runOnlyForDeploymentPostprocessing = 0;
		};
/* End PBXResourcesBuildPhase section */

/* Begin PBXSourcesBuildPhase section */
		9C5993E61FFB16C900D2DA6C /* Sources */ = {
			isa = PBXSourcesBuildPhase;
			buildActionMask = 2147483647;
			files = (
				9C5993F21FFB16C900D2DA6C /* ViewController.m in Sources */,
				9C5993FD1FFB16C900D2DA6C /* main.m in Sources */,
				9C5994051FFB16DF00D2DA6C /* Person.m in Sources */,
				9C5993EF1FFB16C900D2DA6C /* AppDelegate.m in Sources */,
			);
			runOnlyForDeploymentPostprocessing = 0;
		};
/* End PBXSourcesBuildPhase section */

/* Begin PBXVariantGroup section */
		9C5993F31FFB16C900D2DA6C /* Main.storyboard */ = {
			isa = PBXVariantGroup;
			children = (
				9C5993F41FFB16C900D2DA6C /* Base */,
			);
			name = Main.storyboard;
			sourceTree = "<group>";
		};
		9C5993F81FFB16C900D2DA6C /* LaunchScreen.storyboard */ = {
			isa = PBXVariantGroup;
			children = (
				9C5993F91FFB16C900D2DA6C /* Base */,
			);
			name = LaunchScreen.storyboard;
			sourceTree = "<group>";
		};
/* End PBXVariantGroup section */

/* Begin XCBuildConfiguration section */
		9C5993FE1FFB16C900D2DA6C /* Debug */ = {
			isa = XCBuildConfiguration;
			buildSettings = {
				ALWAYS_SEARCH_USER_PATHS = NO;
				CLANG_ANALYZER_NONNULL = YES;
				CLANG_ANALYZER_NUMBER_OBJECT_CONVERSION = YES_AGGRESSIVE;
				CLANG_CXX_LANGUAGE_STANDARD = "gnu++14";
				CLANG_CXX_LIBRARY = "libc++";
				CLANG_ENABLE_MODULES = YES;
				CLANG_ENABLE_OBJC_ARC = YES;
				CLANG_WARN_BLOCK_CAPTURE_AUTORELEASING = YES;
				CLANG_WARN_BOOL_CONVERSION = YES;
				CLANG_WARN_COMMA = YES;
				CLANG_WARN_CONSTANT_CONVERSION = YES;
				CLANG_WARN_DIRECT_OBJC_ISA_USAGE = YES_ERROR;
				CLANG_WARN_DOCUMENTATION_COMMENTS = YES;
				CLANG_WARN_EMPTY_BODY = YES;
				CLANG_WARN_ENUM_CONVERSION = YES;
				CLANG_WARN_INFINITE_RECURSION = YES;
				CLANG_WARN_INT_CONVERSION = YES;
				CLANG_WARN_NON_LITERAL_NULL_CONVERSION = YES;
				CLANG_WARN_OBJC_LITERAL_CONVERSION = YES;
				CLANG_WARN_OBJC_ROOT_CLASS = YES_ERROR;
				CLANG_WARN_RANGE_LOOP_ANALYSIS = YES;
				CLANG_WARN_STRICT_PROTOTYPES = YES;
				CLANG_WARN_SUSPICIOUS_MOVE = YES;
				CLANG_WARN_UNGUARDED_AVAILABILITY = YES_AGGRESSIVE;
				CLANG_WARN_UNREACHABLE_CODE = YES;
				CLANG_WARN__DUPLICATE_METHOD_MATCH = YES;
				CODE_SIGN_IDENTITY = "iPhone Developer";
				COPY_PHASE_STRIP = NO;
				DEBUG_INFORMATION_FORMAT = dwarf;
				ENABLE_STRICT_OBJC_MSGSEND = YES;
				ENABLE_TESTABILITY = YES;
				GCC_C_LANGUAGE_STANDARD = gnu11;
				GCC_DYNAMIC_NO_PIC = NO;
				GCC_NO_COMMON_BLOCKS = YES;
				GCC_OPTIMIZATION_LEVEL = 0;
				GCC_PREPROCESSOR_DEFINITIONS = (
					"DEBUG=1",
					"$(inherited)",
				);
				GCC_WARN_64_TO_32_BIT_CONVERSION = YES;
				GCC_WARN_ABOUT_RETURN_TYPE = YES_ERROR;
				GCC_WARN_UNDECLARED_SELECTOR = YES;
				GCC_WARN_UNINITIALIZED_AUTOS = YES_AGGRESSIVE;
				GCC_WARN_UNUSED_FUNCTION = YES;
				GCC_WARN_UNUSED_VARIABLE = YES;
				IPHONEOS_DEPLOYMENT_TARGET = 11.2;
				MTL_ENABLE_DEBUG_INFO = YES;
				ONLY_ACTIVE_ARCH = YES;
				SDKROOT = iphoneos;
			};
			name = Debug;
		};
		9C5993FF1FFB16C900D2DA6C /* Release */ = {
			isa = XCBuildConfiguration;
			buildSettings = {
				ALWAYS_SEARCH_USER_PATHS = NO;
				CLANG_ANALYZER_NONNULL = YES;
				CLANG_ANALYZER_NUMBER_OBJECT_CONVERSION = YES_AGGRESSIVE;
				CLANG_CXX_LANGUAGE_STANDARD = "gnu++14";
				CLANG_CXX_LIBRARY = "libc++";
				CLANG_ENABLE_MODULES = YES;
				CLANG_ENABLE_OBJC_ARC = YES;
				CLANG_WARN_BLOCK_CAPTURE_AUTORELEASING = YES;
				CLANG_WARN_BOOL_CONVERSION = YES;
				CLANG_WARN_COMMA = YES;
				CLANG_WARN_CONSTANT_CONVERSION = YES;
				CLANG_WARN_DIRECT_OBJC_ISA_USAGE = YES_ERROR;
				CLANG_WARN_DOCUMENTATION_COMMENTS = YES;
				CLANG_WARN_EMPTY_BODY = YES;
				CLANG_WARN_ENUM_CONVERSION = YES;
				CLANG_WARN_INFINITE_RECURSION = YES;
				CLANG_WARN_INT_CONVERSION = YES;
				CLANG_WARN_NON_LITERAL_NULL_CONVERSION = YES;
				CLANG_WARN_OBJC_LITERAL_CONVERSION = YES;
				CLANG_WARN_OBJC_ROOT_CLASS = YES_ERROR;
				CLANG_WARN_RANGE_LOOP_ANALYSIS = YES;
				CLANG_WARN_STRICT_PROTOTYPES = YES;
				CLANG_WARN_SUSPICIOUS_MOVE = YES;
				CLANG_WARN_UNGUARDED_AVAILABILITY = YES_AGGRESSIVE;
				CLANG_WARN_UNREACHABLE_CODE = YES;
				CLANG_WARN__DUPLICATE_METHOD_MATCH = YES;
				CODE_SIGN_IDENTITY = "iPhone Developer";
				COPY_PHASE_STRIP = NO;
				DEBUG_INFORMATION_FORMAT = "dwarf-with-dsym";
				ENABLE_NS_ASSERTIONS = NO;
				ENABLE_STRICT_OBJC_MSGSEND = YES;
				GCC_C_LANGUAGE_STANDARD = gnu11;
				GCC_NO_COMMON_BLOCKS = YES;
				GCC_WARN_64_TO_32_BIT_CONVERSION = YES;
				GCC_WARN_ABOUT_RETURN_TYPE = YES_ERROR;
				GCC_WARN_UNDECLARED_SELECTOR = YES;
				GCC_WARN_UNINITIALIZED_AUTOS = YES_AGGRESSIVE;
				GCC_WARN_UNUSED_FUNCTION = YES;
				GCC_WARN_UNUSED_VARIABLE = YES;
				IPHONEOS_DEPLOYMENT_TARGET = 11.2;
				MTL_ENABLE_DEBUG_INFO = NO;
				SDKROOT = iphoneos;
				VALIDATE_PRODUCT = YES;
			};
			name = Release;
		};
		9C5994011FFB16C900D2DA6C /* Debug */ = {
			isa = XCBuildConfiguration;
			buildSettings = {
				ASSETCATALOG_COMPILER_APPICON_NAME = AppIcon;
				CODE_SIGN_STYLE = Automatic;
				DEVELOPMENT_TEAM = GU4W9ED44R;
				INFOPLIST_FILE = Item24/Info.plist;
				LD_RUNPATH_SEARCH_PATHS = "$(inherited) @executable_path/Frameworks";
				PRODUCT_BUNDLE_IDENTIFIER = cn.damoness.app.Item24;
				PRODUCT_NAME = "$(TARGET_NAME)";
				TARGETED_DEVICE_FAMILY = "1,2";
			};
			name = Debug;
		};
		9C5994021FFB16C900D2DA6C /* Release */ = {
			isa = XCBuildConfiguration;
			buildSettings = {
				ASSETCATALOG_COMPILER_APPICON_NAME = AppIcon;
				CODE_SIGN_STYLE = Automatic;
				DEVELOPMENT_TEAM = GU4W9ED44R;
				INFOPLIST_FILE = Item24/Info.plist;
				LD_RUNPATH_SEARCH_PATHS = "$(inherited) @executable_path/Frameworks";
				PRODUCT_BUNDLE_IDENTIFIER = cn.damoness.app.Item24;
				PRODUCT_NAME = "$(TARGET_NAME)";
				TARGETED_DEVICE_FAMILY = "1,2";
			};
			name = Release;
		};
/* End XCBuildConfiguration section */

/* Begin XCConfigurationList section */
		9C5993E51FFB16C800D2DA6C /* Build configuration list for PBXProject "Item24" */ = {
			isa = XCConfigurationList;
			buildConfigurations = (
				9C5993FE1FFB16C900D2DA6C /* Debug */,
				9C5993FF1FFB16C900D2DA6C /* Release */,
			);
			defaultConfigurationIsVisible = 0;
			defaultConfigurationName = Release;
		};
		9C5994001FFB16C900D2DA6C /* Build configuration list for PBXNativeTarget "Item24" */ = {
			isa = XCConfigurationList;
			buildConfigurations = (
				9C5994011FFB16C900D2DA6C /* Debug */,
				9C5994021FFB16C900D2DA6C /* Release */,
			);
			defaultConfigurationIsVisible = 0;
			defaultConfigurationName = Release;
		};
/* End XCConfigurationList section */
	};
	rootObject = 9C5993E21FFB16C800D2DA6C /* Project object */;
}
